
Microsoft Visual Studio Solution File, Format Version 12.00
# Visual Studio Version 16
VisualStudioVersion = 16.0.30523.141
MinimumVisualStudioVersion = 10.0.40219.1
Project("{FAE04EC0-301F-11D3-BF4B-00C04F79EFBC}") = "SimpleLambdaExpressions", "SimpleLambdaExpressions\SimpleLambdaExpressions.csproj", "{BB454E94-5E9F-46B3-9186-91E2E6F7224C}"
EndProject
Global
	GlobalSection(SolutionConfigurationPlatforms) = preSolution
		Debug|Any CPU = Debug|Any CPU
		Release|Any CPU = Release|Any CPU
	EndGlobalSection
	GlobalSection(ProjectConfigurationPlatforms) = postSolution
		{BB454E94-5E9F-46B3-9186-91E2E6F7224C}.Debug|Any CPU.ActiveCfg = Debug|Any CPU
		{BB454E94-5E9F-46B3-9186-91E2E6F7224C}.Debug|Any CPU.Build.0 = Debug|Any CPU
		{BB454E94-5E9F-46B3-9186-91E2E6F7224C}.Release|Any CPU.ActiveCfg = Release|Any CPU
		{BB454E94-5E9F-46B3-9186-91E2E6F7224C}.Release|Any CPU.Build.0 = Release|Any CPU
	EndGlobalSection
	GlobalSection(SolutionProperties) = preSolution
		HideSolutionNode = FALSE
	EndGlobalSection
	GlobalSection(ExtensibilityGlobals) = postSolution
		SolutionGuid = {3DA093CB-8E12-4D01-9410-E221E21FF5C2}
	EndGlobalSection
EndGlobal
